// !$*UTF8*$!
{
	archiveVersion = 1;
	classes = {
	};
	objectVersion = 50;
	objects = {

/* Begin PBXBuildFile section */
		03E25E00F44E83447E41D248 /* Pods_Rappeliculas.framework in Frameworks */ = {isa = PBXBuildFile; fileRef = 9F83D20805A87B7A166EF42D /* Pods_Rappeliculas.framework */; };
		D912C27B2191628900C01F64 /* PopularVC.swift in Sources */ = {isa = PBXBuildFile; fileRef = D912C27A2191628900C01F64 /* PopularVC.swift */; };
		D933F27E218954220084B6CB /* ModeloDatosRappeliculas.xcdatamodeld in Sources */ = {isa = PBXBuildFile; fileRef = D933F27C218954220084B6CB /* ModeloDatosRappeliculas.xcdatamodeld */; };
		D933F2802189697A0084B6CB /* DataController.swift in Sources */ = {isa = PBXBuildFile; fileRef = D933F27F2189697A0084B6CB /* DataController.swift */; };
		D933F282218A5F200084B6CB /* Codable+SerializeDeserialize.swift in Sources */ = {isa = PBXBuildFile; fileRef = D933F281218A5F200084B6CB /* Codable+SerializeDeserialize.swift */; };
		D933F284218AC7EB0084B6CB /* TabBarController.swift in Sources */ = {isa = PBXBuildFile; fileRef = D933F283218AC7EB0084B6CB /* TabBarController.swift */; };
		D933F292218AD7020084B6CB /* Default-568h@2x.png in Resources */ = {isa = PBXBuildFile; fileRef = D933F291218AD7020084B6CB /* Default-568h@2x.png */; };
		D933F294218AD8D30084B6CB /* DetallePeliculaVC.swift in Sources */ = {isa = PBXBuildFile; fileRef = D933F293218AD8D30084B6CB /* DetallePeliculaVC.swift */; };
		D95C7DFE2185573200DA1391 /* AppDelegate.swift in Sources */ = {isa = PBXBuildFile; fileRef = D95C7DFD2185573200DA1391 /* AppDelegate.swift */; };
		D95C7E032185573200DA1391 /* Main.storyboard in Resources */ = {isa = PBXBuildFile; fileRef = D95C7E012185573200DA1391 /* Main.storyboard */; };
		D95C7E052185573400DA1391 /* Assets.xcassets in Resources */ = {isa = PBXBuildFile; fileRef = D95C7E042185573400DA1391 /* Assets.xcassets */; };
		D95C7E082185573400DA1391 /* LaunchScreen.storyboard in Resources */ = {isa = PBXBuildFile; fileRef = D95C7E062185573400DA1391 /* LaunchScreen.storyboard */; };
		D95C7E102186C0DF00DA1391 /* Configuración.swift in Sources */ = {isa = PBXBuildFile; fileRef = D95C7E0F2186C0DF00DA1391 /* Configuración.swift */; };
		D9F7C98B218C04EF007B3AC7 /* testViewController.swift in Sources */ = {isa = PBXBuildFile; fileRef = D9F7C98A218C04EF007B3AC7 /* testViewController.swift */; };
		D9FC7D3F21880E5A002750D1 /* Pelicula.swift in Sources */ = {isa = PBXBuildFile; fileRef = D9FC7D3E21880E5A002750D1 /* Pelicula.swift */; };
		D9FC7D4121881BEA002750D1 /* Servicios.swift in Sources */ = {isa = PBXBuildFile; fileRef = D9FC7D4021881BEA002750D1 /* Servicios.swift */; };
		D9FC7D45218822B8002750D1 /* PopularTVC.swift in Sources */ = {isa = PBXBuildFile; fileRef = D9FC7D44218822B8002750D1 /* PopularTVC.swift */; };
/* End PBXBuildFile section */

/* Begin PBXFileReference section */
		9F83D20805A87B7A166EF42D /* Pods_Rappeliculas.framework */ = {isa = PBXFileReference; explicitFileType = wrapper.framework; includeInIndex = 0; path = Pods_Rappeliculas.framework; sourceTree = BUILT_PRODUCTS_DIR; };
		AD96526BF82D352C60D92585 /* Pods-Rappeliculas.release.xcconfig */ = {isa = PBXFileReference; includeInIndex = 1; lastKnownFileType = text.xcconfig; name = "Pods-Rappeliculas.release.xcconfig"; path = "Pods/Target Support Files/Pods-Rappeliculas/Pods-Rappeliculas.release.xcconfig"; sourceTree = "<group>"; };
		BDCB7D5A1BA3D9D0A6C80BEC /* Pods-Rappeliculas.debug.xcconfig */ = {isa = PBXFileReference; includeInIndex = 1; lastKnownFileType = text.xcconfig; name = "Pods-Rappeliculas.debug.xcconfig"; path = "Pods/Target Support Files/Pods-Rappeliculas/Pods-Rappeliculas.debug.xcconfig"; sourceTree = "<group>"; };
		D912C27A2191628900C01F64 /* PopularVC.swift */ = {isa = PBXFileReference; lastKnownFileType = sourcecode.swift; path = PopularVC.swift; sourceTree = "<group>"; };
		D933F27D218954220084B6CB /* ModeloDatosRappeliculas.xcdatamodel */ = {isa = PBXFileReference; lastKnownFileType = wrapper.xcdatamodel; path = ModeloDatosRappeliculas.xcdatamodel; sourceTree = "<group>"; };
		D933F27F2189697A0084B6CB /* DataController.swift */ = {isa = PBXFileReference; fileEncoding = 4; lastKnownFileType = sourcecode.swift; path = DataController.swift; sourceTree = "<group>"; };
		D933F281218A5F200084B6CB /* Codable+SerializeDeserialize.swift */ = {isa = PBXFileReference; lastKnownFileType = sourcecode.swift; path = "Codable+SerializeDeserialize.swift"; sourceTree = "<group>"; };
		D933F283218AC7EB0084B6CB /* TabBarController.swift */ = {isa = PBXFileReference; lastKnownFileType = sourcecode.swift; path = TabBarController.swift; sourceTree = "<group>"; };
		D933F291218AD7020084B6CB /* Default-568h@2x.png */ = {isa = PBXFileReference; lastKnownFileType = image.png; path = "Default-568h@2x.png"; sourceTree = "<group>"; };
		D933F293218AD8D30084B6CB /* DetallePeliculaVC.swift */ = {isa = PBXFileReference; lastKnownFileType = sourcecode.swift; path = DetallePeliculaVC.swift; sourceTree = "<group>"; };
		D95C7DFA2185573200DA1391 /* Rappeliculas.app */ = {isa = PBXFileReference; explicitFileType = wrapper.application; includeInIndex = 0; path = Rappeliculas.app; sourceTree = BUILT_PRODUCTS_DIR; };
		D95C7DFD2185573200DA1391 /* AppDelegate.swift */ = {isa = PBXFileReference; lastKnownFileType = sourcecode.swift; path = AppDelegate.swift; sourceTree = "<group>"; };
		D95C7E022185573200DA1391 /* Base */ = {isa = PBXFileReference; lastKnownFileType = file.storyboard; name = Base; path = Base.lproj/Main.storyboard; sourceTree = "<group>"; };
		D95C7E042185573400DA1391 /* Assets.xcassets */ = {isa = PBXFileReference; lastKnownFileType = folder.assetcatalog; path = Assets.xcassets; sourceTree = "<group>"; };
		D95C7E072185573400DA1391 /* Base */ = {isa = PBXFileReference; lastKnownFileType = file.storyboard; name = Base; path = Base.lproj/LaunchScreen.storyboard; sourceTree = "<group>"; };
		D95C7E092185573400DA1391 /* Info.plist */ = {isa = PBXFileReference; lastKnownFileType = text.plist.xml; path = Info.plist; sourceTree = "<group>"; };
		D95C7E0F2186C0DF00DA1391 /* Configuración.swift */ = {isa = PBXFileReference; lastKnownFileType = sourcecode.swift; path = "Configuración.swift"; sourceTree = "<group>"; };
		D9F7C98A218C04EF007B3AC7 /* testViewController.swift */ = {isa = PBXFileReference; lastKnownFileType = sourcecode.swift; path = testViewController.swift; sourceTree = "<group>"; };
		D9FC7D3E21880E5A002750D1 /* Pelicula.swift */ = {isa = PBXFileReference; lastKnownFileType = sourcecode.swift; path = Pelicula.swift; sourceTree = "<group>"; };
		D9FC7D4021881BEA002750D1 /* Servicios.swift */ = {isa = PBXFileReference; lastKnownFileType = sourcecode.swift; path = Servicios.swift; sourceTree = "<group>"; };
		D9FC7D44218822B8002750D1 /* PopularTVC.swift */ = {isa = PBXFileReference; lastKnownFileType = sourcecode.swift; path = PopularTVC.swift; sourceTree = "<group>"; };
/* End PBXFileReference section */

/* Begin PBXFrameworksBuildPhase section */
		D95C7DF72185573200DA1391 /* Frameworks */ = {
			isa = PBXFrameworksBuildPhase;
			buildActionMask = 2147483647;
			files = (
				03E25E00F44E83447E41D248 /* Pods_Rappeliculas.framework in Frameworks */,
			);
			runOnlyForDeploymentPostprocessing = 0;
		};
/* End PBXFrameworksBuildPhase section */

/* Begin PBXGroup section */
		D5FF6C02BCA43CA3E8F50761 /* Frameworks */ = {
			isa = PBXGroup;
			children = (
				9F83D20805A87B7A166EF42D /* Pods_Rappeliculas.framework */,
			);
			name = Frameworks;
			sourceTree = "<group>";
		};
		D933F287218AC9C10084B6CB /* Controladores */ = {
			isa = PBXGroup;
			children = (
				D9FC7D44218822B8002750D1 /* PopularTVC.swift */,
				D933F283218AC7EB0084B6CB /* TabBarController.swift */,
				D933F293218AD8D30084B6CB /* DetallePeliculaVC.swift */,
				D9F7C98A218C04EF007B3AC7 /* testViewController.swift */,
				D912C27A2191628900C01F64 /* PopularVC.swift */,
			);
			path = Controladores;
			sourceTree = "<group>";
		};
		D933F288218AC9F00084B6CB /* Vistas */ = {
			isa = PBXGroup;
			children = (
				D95C7E012185573200DA1391 /* Main.storyboard */,
				D95C7E062185573400DA1391 /* LaunchScreen.storyboard */,
			);
			path = Vistas;
			sourceTree = "<group>";
		};
		D933F28A218ACA0D0084B6CB /* Modelos */ = {
			isa = PBXGroup;
			children = (
				D933F28B218ACA5C0084B6CB /* Entidades */,
				D933F28C218ACA6F0084B6CB /* Servicios */,
				D933F28D218ACAA60084B6CB /* Extensiones */,
				D933F27C218954220084B6CB /* ModeloDatosRappeliculas.xcdatamodeld */,
			);
			path = Modelos;
			sourceTree = "<group>";
		};
		D933F28B218ACA5C0084B6CB /* Entidades */ = {
			isa = PBXGroup;
			children = (
				D9FC7D3E21880E5A002750D1 /* Pelicula.swift */,
			);
			path = Entidades;
			sourceTree = "<group>";
		};
		D933F28C218ACA6F0084B6CB /* Servicios */ = {
			isa = PBXGroup;
			children = (
				D9FC7D4021881BEA002750D1 /* Servicios.swift */,
			);
			path = Servicios;
			sourceTree = "<group>";
		};
		D933F28D218ACAA60084B6CB /* Extensiones */ = {
			isa = PBXGroup;
			children = (
				D933F281218A5F200084B6CB /* Codable+SerializeDeserialize.swift */,
			);
			path = Extensiones;
			sourceTree = "<group>";
		};
		D933F28E218ACAC70084B6CB /* Recursos */ = {
			isa = PBXGroup;
			children = (
				D95C7E042185573400DA1391 /* Assets.xcassets */,
			);
			path = Recursos;
			sourceTree = "<group>";
		};
		D933F28F218ACADD0084B6CB /* Configuración */ = {
			isa = PBXGroup;
			children = (
				D95C7E092185573400DA1391 /* Info.plist */,
				D95C7DFD2185573200DA1391 /* AppDelegate.swift */,
				D95C7E0F2186C0DF00DA1391 /* Configuración.swift */,
			);
			name = "Configuración";
			path = "Configuración";
			sourceTree = "<group>";
		};
		D95C7DF12185573200DA1391 = {
			isa = PBXGroup;
			children = (
				D933F291218AD7020084B6CB /* Default-568h@2x.png */,
				D95C7DFC2185573200DA1391 /* Rappeliculas */,
				D95C7DFB2185573200DA1391 /* Products */,
				F6AF1B4C78F4E51B7FB812FF /* Pods */,
				D5FF6C02BCA43CA3E8F50761 /* Frameworks */,
			);
			sourceTree = "<group>";
		};
		D95C7DFB2185573200DA1391 /* Products */ = {
			isa = PBXGroup;
			children = (
				D95C7DFA2185573200DA1391 /* Rappeliculas.app */,
			);
			name = Products;
			sourceTree = "<group>";
		};
		D95C7DFC2185573200DA1391 /* Rappeliculas */ = {
			isa = PBXGroup;
			children = (
				D933F28A218ACA0D0084B6CB /* Modelos */,
				D933F288218AC9F00084B6CB /* Vistas */,
				D933F287218AC9C10084B6CB /* Controladores */,
				D933F28E218ACAC70084B6CB /* Recursos */,
				D933F28F218ACADD0084B6CB /* Configuración */,
				D933F27F2189697A0084B6CB /* DataController.swift */,
			);
			path = Rappeliculas;
			sourceTree = "<group>";
		};
		F6AF1B4C78F4E51B7FB812FF /* Pods */ = {
			isa = PBXGroup;
			children = (
				BDCB7D5A1BA3D9D0A6C80BEC /* Pods-Rappeliculas.debug.xcconfig */,
				AD96526BF82D352C60D92585 /* Pods-Rappeliculas.release.xcconfig */,
			);
			name = Pods;
			sourceTree = "<group>";
		};
/* End PBXGroup section */

/* Begin PBXNativeTarget section */
		D95C7DF92185573200DA1391 /* Rappeliculas */ = {
			isa = PBXNativeTarget;
			buildConfigurationList = D95C7E0C2185573400DA1391 /* Build configuration list for PBXNativeTarget "Rappeliculas" */;
			buildPhases = (
				C38C808940B27CDF237497DB /* [CP] Check Pods Manifest.lock */,
				D95C7DF62185573200DA1391 /* Sources */,
				D95C7DF72185573200DA1391 /* Frameworks */,
				D95C7DF82185573200DA1391 /* Resources */,
				868D81C7D8AC595907A8E564 /* [CP] Embed Pods Frameworks */,
				40B44D4985854AD091AE4593 /* [CP] Copy Pods Resources */,
			);
			buildRules = (
			);
			dependencies = (
			);
			name = Rappeliculas;
			productName = Rappeliculas;
			productReference = D95C7DFA2185573200DA1391 /* Rappeliculas.app */;
			productType = "com.apple.product-type.application";
		};
/* End PBXNativeTarget section */

/* Begin PBXProject section */
		D95C7DF22185573200DA1391 /* Project object */ = {
			isa = PBXProject;
			attributes = {
				LastSwiftUpdateCheck = 0940;
				LastUpgradeCheck = 0940;
				ORGANIZATIONNAME = "Alejandro Agudelo";
				TargetAttributes = {
					D95C7DF92185573200DA1391 = {
						CreatedOnToolsVersion = 9.4.1;
					};
				};
			};
			buildConfigurationList = D95C7DF52185573200DA1391 /* Build configuration list for PBXProject "Rappeliculas" */;
			compatibilityVersion = "Xcode 9.3";
			developmentRegion = en;
			hasScannedForEncodings = 0;
			knownRegions = (
				en,
				Base,
			);
			mainGroup = D95C7DF12185573200DA1391;
			productRefGroup = D95C7DFB2185573200DA1391 /* Products */;
			projectDirPath = "";
			projectRoot = "";
			targets = (
				D95C7DF92185573200DA1391 /* Rappeliculas */,
			);
		};
/* End PBXProject section */

/* Begin PBXResourcesBuildPhase section */
		D95C7DF82185573200DA1391 /* Resources */ = {
			isa = PBXResourcesBuildPhase;
			buildActionMask = 2147483647;
			files = (
				D95C7E082185573400DA1391 /* LaunchScreen.storyboard in Resources */,
				D933F292218AD7020084B6CB /* Default-568h@2x.png in Resources */,
				D95C7E052185573400DA1391 /* Assets.xcassets in Resources */,
				D95C7E032185573200DA1391 /* Main.storyboard in Resources */,
			);
			runOnlyForDeploymentPostprocessing = 0;
		};
/* End PBXResourcesBuildPhase section */

/* Begin PBXShellScriptBuildPhase section */
		40B44D4985854AD091AE4593 /* [CP] Copy Pods Resources */ = {
			isa = PBXShellScriptBuildPhase;
			buildActionMask = 2147483647;
			files = (
			);
			inputPaths = (
			);
			name = "[CP] Copy Pods Resources";
			outputPaths = (
			);
			runOnlyForDeploymentPostprocessing = 0;
			shellPath = /bin/sh;
			shellScript = "\"${SRCROOT}/Pods/Target Support Files/Pods-Rappeliculas/Pods-Rappeliculas-resources.sh\"\n";
			showEnvVarsInLog = 0;
		};
		868D81C7D8AC595907A8E564 /* [CP] Embed Pods Frameworks */ = {
			isa = PBXShellScriptBuildPhase;
			buildActionMask = 2147483647;
			files = (
			);
			inputPaths = (
				"${SRCROOT}/Pods/Target Support Files/Pods-Rappeliculas/Pods-Rappeliculas-frameworks.sh",
				"${BUILT_PRODUCTS_DIR}/Alamofire/Alamofire.framework",
				"${BUILT_PRODUCTS_DIR}/Cards/Cards.framework",
				"${BUILT_PRODUCTS_DIR}/Player/Player.framework",
				"${BUILT_PRODUCTS_DIR}/RevealingSplashView/RevealingSplashView.framework",
				"${BUILT_PRODUCTS_DIR}/SwiftyJSON/SwiftyJSON.framework",
			);
			name = "[CP] Embed Pods Frameworks";
			outputPaths = (
				"${TARGET_BUILD_DIR}/${FRAMEWORKS_FOLDER_PATH}/Alamofire.framework",
				"${TARGET_BUILD_DIR}/${FRAMEWORKS_FOLDER_PATH}/Cards.framework",
				"${TARGET_BUILD_DIR}/${FRAMEWORKS_FOLDER_PATH}/Player.framework",
				"${TARGET_BUILD_DIR}/${FRAMEWORKS_FOLDER_PATH}/RevealingSplashView.framework",
				"${TARGET_BUILD_DIR}/${FRAMEWORKS_FOLDER_PATH}/SwiftyJSON.framework",
			);
			runOnlyForDeploymentPostprocessing = 0;
			shellPath = /bin/sh;
			shellScript = "\"${SRCROOT}/Pods/Target Support Files/Pods-Rappeliculas/Pods-Rappeliculas-frameworks.sh\"\n";
			showEnvVarsInLog = 0;
		};
		C38C808940B27CDF237497DB /* [CP] Check Pods Manifest.lock */ = {
			isa = PBXShellScriptBuildPhase;
			buildActionMask = 2147483647;
			files = (
			);
			inputPaths = (
				"${PODS_PODFILE_DIR_PATH}/Podfile.lock",
				"${PODS_ROOT}/Manifest.lock",
			);
			name = "[CP] Check Pods Manifest.lock";
			outputPaths = (
				"$(DERIVED_FILE_DIR)/Pods-Rappeliculas-checkManifestLockResult.txt",
			);
			runOnlyForDeploymentPostprocessing = 0;
			shellPath = /bin/sh;
			shellScript = "diff \"${PODS_PODFILE_DIR_PATH}/Podfile.lock\" \"${PODS_ROOT}/Manifest.lock\" > /dev/null\nif [ $? != 0 ] ; then\n    # print error to STDERR\n    echo \"error: The sandbox is not in sync with the Podfile.lock. Run 'pod install' or update your CocoaPods installation.\" >&2\n    exit 1\nfi\n# This output is used by Xcode 'outputs' to avoid re-running this script phase.\necho \"SUCCESS\" > \"${SCRIPT_OUTPUT_FILE_0}\"\n";
			showEnvVarsInLog = 0;
		};
/* End PBXShellScriptBuildPhase section */

/* Begin PBXSourcesBuildPhase section */
		D95C7DF62185573200DA1391 /* Sources */ = {
			isa = PBXSourcesBuildPhase;
			buildActionMask = 2147483647;
			files = (
				D9FC7D3F21880E5A002750D1 /* Pelicula.swift in Sources */,
				D933F282218A5F200084B6CB /* Codable+SerializeDeserialize.swift in Sources */,
				D933F284218AC7EB0084B6CB /* TabBarController.swift in Sources */,
				D9F7C98B218C04EF007B3AC7 /* testViewController.swift in Sources */,
				D933F27E218954220084B6CB /* ModeloDatosRappeliculas.xcdatamodeld in Sources */,
				D9FC7D4121881BEA002750D1 /* Servicios.swift in Sources */,
				D912C27B2191628900C01F64 /* PopularVC.swift in Sources */,
				D933F294218AD8D30084B6CB /* DetallePeliculaVC.swift in Sources */,
				D9FC7D45218822B8002750D1 /* PopularTVC.swift in Sources */,
				D933F2802189697A0084B6CB /* DataController.swift in Sources */,
				D95C7E102186C0DF00DA1391 /* Configuración.swift in Sources */,
				D95C7DFE2185573200DA1391 /* AppDelegate.swift in Sources */,
			);
			runOnlyForDeploymentPostprocessing = 0;
		};
/* End PBXSourcesBuildPhase section */

/* Begin PBXVariantGroup section */
		D95C7E012185573200DA1391 /* Main.storyboard */ = {
			isa = PBXVariantGroup;
			children = (
				D95C7E022185573200DA1391 /* Base */,
			);
			name = Main.storyboard;
			sourceTree = "<group>";
		};
		D95C7E062185573400DA1391 /* LaunchScreen.storyboard */ = {
			isa = PBXVariantGroup;
			children = (
				D95C7E072185573400DA1391 /* Base */,
			);
			name = LaunchScreen.storyboard;
			sourceTree = "<group>";
		};
/* End PBXVariantGroup section */

/* Begin XCBuildConfiguration section */
		D95C7E0A2185573400DA1391 /* Debug */ = {
			isa = XCBuildConfiguration;
			buildSettings = {
				ALWAYS_SEARCH_USER_PATHS = NO;
				CLANG_ANALYZER_NONNULL = YES;
				CLANG_ANALYZER_NUMBER_OBJECT_CONVERSION = YES_AGGRESSIVE;
				CLANG_CXX_LANGUAGE_STANDARD = "gnu++14";
				CLANG_CXX_LIBRARY = "libc++";
				CLANG_ENABLE_MODULES = YES;
				CLANG_ENABLE_OBJC_ARC = YES;
				CLANG_ENABLE_OBJC_WEAK = YES;
				CLANG_WARN_BLOCK_CAPTURE_AUTORELEASING = YES;
				CLANG_WARN_BOOL_CONVERSION = YES;
				CLANG_WARN_COMMA = YES;
				CLANG_WARN_CONSTANT_CONVERSION = YES;
				CLANG_WARN_DEPRECATED_OBJC_IMPLEMENTATIONS = YES;
				CLANG_WARN_DIRECT_OBJC_ISA_USAGE = YES_ERROR;
				CLANG_WARN_DOCUMENTATION_COMMENTS = YES;
				CLANG_WARN_EMPTY_BODY = YES;
				CLANG_WARN_ENUM_CONVERSION = YES;
				CLANG_WARN_INFINITE_RECURSION = YES;
				CLANG_WARN_INT_CONVERSION = YES;
				CLANG_WARN_NON_LITERAL_NULL_CONVERSION = YES;
				CLANG_WARN_OBJC_IMPLICIT_RETAIN_SELF = YES;
				CLANG_WARN_OBJC_LITERAL_CONVERSION = YES;
				CLANG_WARN_OBJC_ROOT_CLASS = YES_ERROR;
				CLANG_WARN_RANGE_LOOP_ANALYSIS = YES;
				CLANG_WARN_STRICT_PROTOTYPES = YES;
				CLANG_WARN_SUSPICIOUS_MOVE = YES;
				CLANG_WARN_UNGUARDED_AVAILABILITY = YES_AGGRESSIVE;
				CLANG_WARN_UNREACHABLE_CODE = YES;
				CLANG_WARN__DUPLICATE_METHOD_MATCH = YES;
				CODE_SIGN_IDENTITY = "iPhone Developer";
				COPY_PHASE_STRIP = NO;
				DEBUG_INFORMATION_FORMAT = dwarf;
				ENABLE_STRICT_OBJC_MSGSEND = YES;
				ENABLE_TESTABILITY = YES;
				GCC_C_LANGUAGE_STANDARD = gnu11;
				GCC_DYNAMIC_NO_PIC = NO;
				GCC_NO_COMMON_BLOCKS = YES;
				GCC_OPTIMIZATION_LEVEL = 0;
				GCC_PREPROCESSOR_DEFINITIONS = (
					"DEBUG=1",
					"$(inherited)",
				);
				GCC_WARN_64_TO_32_BIT_CONVERSION = YES;
				GCC_WARN_ABOUT_RETURN_TYPE = YES_ERROR;
				GCC_WARN_UNDECLARED_SELECTOR = YES;
				GCC_WARN_UNINITIALIZED_AUTOS = YES_AGGRESSIVE;
				GCC_WARN_UNUSED_FUNCTION = YES;
				GCC_WARN_UNUSED_VARIABLE = YES;
				IPHONEOS_DEPLOYMENT_TARGET = 11.4;
				MTL_ENABLE_DEBUG_INFO = YES;
				ONLY_ACTIVE_ARCH = YES;
				SDKROOT = iphoneos;
				SWIFT_ACTIVE_COMPILATION_CONDITIONS = DEBUG;
				SWIFT_OPTIMIZATION_LEVEL = "-Onone";
			};
			name = Debug;
		};
		D95C7E0B2185573400DA1391 /* Release */ = {
			isa = XCBuildConfiguration;
			buildSettings = {
				ALWAYS_SEARCH_USER_PATHS = NO;
				CLANG_ANALYZER_NONNULL = YES;
				CLANG_ANALYZER_NUMBER_OBJECT_CONVERSION = YES_AGGRESSIVE;
				CLANG_CXX_LANGUAGE_STANDARD = "gnu++14";
				CLANG_CXX_LIBRARY = "libc++";
				CLANG_ENABLE_MODULES = YES;
				CLANG_ENABLE_OBJC_ARC = YES;
				CLANG_ENABLE_OBJC_WEAK = YES;
				CLANG_WARN_BLOCK_CAPTURE_AUTORELEASING = YES;
				CLANG_WARN_BOOL_CONVERSION = YES;
				CLANG_WARN_COMMA = YES;
				CLANG_WARN_CONSTANT_CONVERSION = YES;
				CLANG_WARN_DEPRECATED_OBJC_IMPLEMENTATIONS = YES;
				CLANG_WARN_DIRECT_OBJC_ISA_USAGE = YES_ERROR;
				CLANG_WARN_DOCUMENTATION_COMMENTS = YES;
				CLANG_WARN_EMPTY_BODY = YES;
				CLANG_WARN_ENUM_CONVERSION = YES;
				CLANG_WARN_INFINITE_RECURSION = YES;
				CLANG_WARN_INT_CONVERSION = YES;
				CLANG_WARN_NON_LITERAL_NULL_CONVERSION = YES;
				CLANG_WARN_OBJC_IMPLICIT_RETAIN_SELF = YES;
				CLANG_WARN_OBJC_LITERAL_CONVERSION = YES;
				CLANG_WARN_OBJC_ROOT_CLASS = YES_ERROR;
				CLANG_WARN_RANGE_LOOP_ANALYSIS = YES;
				CLANG_WARN_STRICT_PROTOTYPES = YES;
				CLANG_WARN_SUSPICIOUS_MOVE = YES;
				CLANG_WARN_UNGUARDED_AVAILABILITY = YES_AGGRESSIVE;
				CLANG_WARN_UNREACHABLE_CODE = YES;
				CLANG_WARN__DUPLICATE_METHOD_MATCH = YES;
				CODE_SIGN_IDENTITY = "iPhone Developer";
				COPY_PHASE_STRIP = NO;
				DEBUG_INFORMATION_FORMAT = "dwarf-with-dsym";
				ENABLE_NS_ASSERTIONS = NO;
				ENABLE_STRICT_OBJC_MSGSEND = YES;
				GCC_C_LANGUAGE_STANDARD = gnu11;
				GCC_NO_COMMON_BLOCKS = YES;
				GCC_WARN_64_TO_32_BIT_CONVERSION = YES;
				GCC_WARN_ABOUT_RETURN_TYPE = YES_ERROR;
				GCC_WARN_UNDECLARED_SELECTOR = YES;
				GCC_WARN_UNINITIALIZED_AUTOS = YES_AGGRESSIVE;
				GCC_WARN_UNUSED_FUNCTION = YES;
				GCC_WARN_UNUSED_VARIABLE = YES;
				IPHONEOS_DEPLOYMENT_TARGET = 11.4;
				MTL_ENABLE_DEBUG_INFO = NO;
				SDKROOT = iphoneos;
				SWIFT_COMPILATION_MODE = wholemodule;
				SWIFT_OPTIMIZATION_LEVEL = "-O";
				VALIDATE_PRODUCT = YES;
			};
			name = Release;
		};
		D95C7E0D2185573400DA1391 /* Debug */ = {
			isa = XCBuildConfiguration;
			baseConfigurationReference = BDCB7D5A1BA3D9D0A6C80BEC /* Pods-Rappeliculas.debug.xcconfig */;
			buildSettings = {
				ASSETCATALOG_COMPILER_APPICON_NAME = AppIcon;
				CODE_SIGN_STYLE = Automatic;
				INFOPLIST_FILE = "$(SRCROOT)/Rappeliculas/Configuración/Info.plist";
				LD_RUNPATH_SEARCH_PATHS = (
					"$(inherited)",
					"@executable_path/Frameworks",
				);
				PRODUCT_BUNDLE_IDENTIFIER = aasoftware.Rappeliculas;
				PRODUCT_NAME = "$(TARGET_NAME)";
				SWIFT_VERSION = 4.0;
				TARGETED_DEVICE_FAMILY = 1;
			};
			name = Debug;
		};
		D95C7E0E2185573400DA1391 /* Release */ = {
			isa = XCBuildConfiguration;
			baseConfigurationReference = AD96526BF82D352C60D92585 /* Pods-Rappeliculas.release.xcconfig */;
			buildSettings = {
				ASSETCATALOG_COMPILER_APPICON_NAME = AppIcon;
				CODE_SIGN_STYLE = Automatic;
				INFOPLIST_FILE = "$(SRCROOT)/Rappeliculas/Configuración/Info.plist";
				LD_RUNPATH_SEARCH_PATHS = (
					"$(inherited)",
					"@executable_path/Frameworks",
				);
				PRODUCT_BUNDLE_IDENTIFIER = aasoftware.Rappeliculas;
				PRODUCT_NAME = "$(TARGET_NAME)";
				SWIFT_VERSION = 4.0;
				TARGETED_DEVICE_FAMILY = 1;
			};
			name = Release;
		};
/* End XCBuildConfiguration section */

/* Begin XCConfigurationList section */
		D95C7DF52185573200DA1391 /* Build configuration list for PBXProject "Rappeliculas" */ = {
			isa = XCConfigurationList;
			buildConfigurations = (
				D95C7E0A2185573400DA1391 /* Debug */,
				D95C7E0B2185573400DA1391 /* Release */,
			);
			defaultConfigurationIsVisible = 0;
			defaultConfigurationName = Release;
		};
		D95C7E0C2185573400DA1391 /* Build configuration list for PBXNativeTarget "Rappeliculas" */ = {
			isa = XCConfigurationList;
			buildConfigurations = (
				D95C7E0D2185573400DA1391 /* Debug */,
				D95C7E0E2185573400DA1391 /* Release */,
			);
			defaultConfigurationIsVisible = 0;
			defaultConfigurationName = Release;
		};
/* End XCConfigurationList section */

/* Begin XCVersionGroup section */
		D933F27C218954220084B6CB /* ModeloDatosRappeliculas.xcdatamodeld */ = {
			isa = XCVersionGroup;
			children = (
				D933F27D218954220084B6CB /* ModeloDatosRappeliculas.xcdatamodel */,
			);
			currentVersion = D933F27D218954220084B6CB /* ModeloDatosRappeliculas.xcdatamodel */;
			path = ModeloDatosRappeliculas.xcdatamodeld;
			sourceTree = "<group>";
			versionGroupType = wrapper.xcdatamodel;
		};
/* End XCVersionGroup section */
	};
	rootObject = D95C7DF22185573200DA1391 /* Project object */;
}
